
Microsoft Visual Studio Solution File, Format Version 12.00
# Visual Studio Version 17
VisualStudioVersion = 17.11.35312.102
MinimumVisualStudioVersion = 10.0.40219.1
Project("{FAE04EC0-301F-11D3-BF4B-00C04F79EFBC}") = "TestCoreApp", "TestCoreApp\TestCoreApp.csproj", "{2E432CBB-F01E-43EC-924E-9716E257DA0B}"
EndProject
Global
	GlobalSection(SolutionConfigurationPlatforms) = preSolution
		Debug|Any CPU = Debug|Any CPU
		Release|Any CPU = Release|Any CPU
	EndGlobalSection
	GlobalSection(ProjectConfigurationPlatforms) = postSolution
		{2E432CBB-F01E-43EC-924E-9716E257DA0B}.Debug|Any CPU.ActiveCfg = Debug|Any CPU
		{2E432CBB-F01E-43EC-924E-9716E257DA0B}.Debug|Any CPU.Build.0 = Debug|Any CPU
		{2E432CBB-F01E-43EC-924E-9716E257DA0B}.Release|Any CPU.ActiveCfg = Release|Any CPU
		{2E432CBB-F01E-43EC-924E-9716E257DA0B}.Release|Any CPU.Build.0 = Release|Any CPU
	EndGlobalSection
	GlobalSection(SolutionProperties) = preSolution
		HideSolutionNode = FALSE
	EndGlobalSection
	GlobalSection(ExtensibilityGlobals) = postSolution
		SolutionGuid = {47B7007C-C112-44B9-9D71-B4D9C964DDD7}
	EndGlobalSection
EndGlobal
